
Microsoft Visual Studio Solution File, Format Version 12.00
# Visual Studio Version 16
VisualStudioVersion = 16.0.30503.244
MinimumVisualStudioVersion = 10.0.40219.1
Project("{FAE04EC0-301F-11D3-BF4B-00C04F79EFBC}") = "BubbleIODotnet.Base", "BubbleIODotnet.Game\BubbleIODotnet.Base.csproj", "{C1B50A44-AC1D-4118-8458-3E03F127949E}"
EndProject
Project("{FAE04EC0-301F-11D3-BF4B-00C04F79EFBC}") = "BubbleIODotnet.Client", "BubbleIODotnet.Client\BubbleIODotnet.Client.csproj", "{946368D4-E36D-48B1-8486-7D88B3582887}"
EndProject
Project("{FAE04EC0-301F-11D3-BF4B-00C04F79EFBC}") = "BubbleIODotnet.Server", "BubbleIODotnet.Server\BubbleIODotnet.Server.csproj", "{F9773C9F-1197-4E0D-A0A1-1AE97B2A7A37}"
EndProject
Global
	GlobalSection(SolutionConfigurationPlatforms) = preSolution
		Debug|Any CPU = Debug|Any CPU
		Release|Any CPU = Release|Any CPU
	EndGlobalSection
	GlobalSection(ProjectConfigurationPlatforms) = postSolution
		{C1B50A44-AC1D-4118-8458-3E03F127949E}.Debug|Any CPU.ActiveCfg = Debug|Any CPU
		{C1B50A44-AC1D-4118-8458-3E03F127949E}.Debug|Any CPU.Build.0 = Debug|Any CPU
		{C1B50A44-AC1D-4118-8458-3E03F127949E}.Release|Any CPU.ActiveCfg = Release|Any CPU
		{C1B50A44-AC1D-4118-8458-3E03F127949E}.Release|Any CPU.Build.0 = Release|Any CPU
		{946368D4-E36D-48B1-8486-7D88B3582887}.Debug|Any CPU.ActiveCfg = Debug|Any CPU
		{946368D4-E36D-48B1-8486-7D88B3582887}.Debug|Any CPU.Build.0 = Debug|Any CPU
		{946368D4-E36D-48B1-8486-7D88B3582887}.Release|Any CPU.ActiveCfg = Release|Any CPU
		{946368D4-E36D-48B1-8486-7D88B3582887}.Release|Any CPU.Build.0 = Release|Any CPU
		{F9773C9F-1197-4E0D-A0A1-1AE97B2A7A37}.Debug|Any CPU.ActiveCfg = Debug|Any CPU
		{F9773C9F-1197-4E0D-A0A1-1AE97B2A7A37}.Debug|Any CPU.Build.0 = Debug|Any CPU
		{F9773C9F-1197-4E0D-A0A1-1AE97B2A7A37}.Release|Any CPU.ActiveCfg = Release|Any CPU
		{F9773C9F-1197-4E0D-A0A1-1AE97B2A7A37}.Release|Any CPU.Build.0 = Release|Any CPU
	EndGlobalSection
	GlobalSection(SolutionProperties) = preSolution
		HideSolutionNode = FALSE
	EndGlobalSection
	GlobalSection(ExtensibilityGlobals) = postSolution
		SolutionGuid = {DBC3D6EB-03C9-4EB6-8679-325AB9F66F55}
	EndGlobalSection
EndGlobal
